<Solution>
  <Folder Name="/src/">
    <Project Path="src/SGIP.API/SGIP.API.csproj" />
    <Project Path="src/SGIP.Application/SGIP.Application.csproj" />
    <Project Path="src/SGIP.Domain/SGIP.Domain.csproj" />
    <Project Path="src/SGIP.Infrastructure/SGIP.Infrastructure.csproj" />
  </Folder>
</Solution>
